
Microsoft Visual Studio Solution File, Format Version 12.00
# Visual Studio Version 17
VisualStudioVersion = 17.4.33205.214
MinimumVisualStudioVersion = 10.0.40219.1
Project("{FAE04EC0-301F-11D3-BF4B-00C04F79EFBC}") = "FirstPro", "FirstPro.csproj", "{892ED155-6D26-49EF-AAAC-59F72E0C068D}"
EndProject
Global
	GlobalSection(SolutionConfigurationPlatforms) = preSolution
		Debug|Any CPU = Debug|Any CPU
		Release|Any CPU = Release|Any CPU
	EndGlobalSection
	GlobalSection(ProjectConfigurationPlatforms) = postSolution
		{892ED155-6D26-49EF-AAAC-59F72E0C068D}.Debug|Any CPU.ActiveCfg = Debug|Any CPU
		{892ED155-6D26-49EF-AAAC-59F72E0C068D}.Debug|Any CPU.Build.0 = Debug|Any CPU
		{892ED155-6D26-49EF-AAAC-59F72E0C068D}.Release|Any CPU.ActiveCfg = Release|Any CPU
		{892ED155-6D26-49EF-AAAC-59F72E0C068D}.Release|Any CPU.Build.0 = Release|Any CPU
	EndGlobalSection
	GlobalSection(SolutionProperties) = preSolution
		HideSolutionNode = FALSE
	EndGlobalSection
	GlobalSection(ExtensibilityGlobals) = postSolution
		SolutionGuid = {8E93AF75-B37D-440D-983D-B013976A5359}
	EndGlobalSection
EndGlobal
