
Microsoft Visual Studio Solution File, Format Version 12.00
# Visual Studio Version 17
VisualStudioVersion = 17.4.33205.214
MinimumVisualStudioVersion = 10.0.40219.1
Project("{FAE04EC0-301F-11D3-BF4B-00C04F79EFBC}") = "WhatisFunction", "WhatisFunction.csproj", "{EDB85164-6F72-4ECC-82F6-9D1FC7413462}"
EndProject
Global
	GlobalSection(SolutionConfigurationPlatforms) = preSolution
		Debug|Any CPU = Debug|Any CPU
		Release|Any CPU = Release|Any CPU
	EndGlobalSection
	GlobalSection(ProjectConfigurationPlatforms) = postSolution
		{EDB85164-6F72-4ECC-82F6-9D1FC7413462}.Debug|Any CPU.ActiveCfg = Debug|Any CPU
		{EDB85164-6F72-4ECC-82F6-9D1FC7413462}.Debug|Any CPU.Build.0 = Debug|Any CPU
		{EDB85164-6F72-4ECC-82F6-9D1FC7413462}.Release|Any CPU.ActiveCfg = Release|Any CPU
		{EDB85164-6F72-4ECC-82F6-9D1FC7413462}.Release|Any CPU.Build.0 = Release|Any CPU
	EndGlobalSection
	GlobalSection(SolutionProperties) = preSolution
		HideSolutionNode = FALSE
	EndGlobalSection
	GlobalSection(ExtensibilityGlobals) = postSolution
		SolutionGuid = {87090F4E-39B8-4AF2-8E09-21B7C04942E9}
	EndGlobalSection
EndGlobal
