
Microsoft Visual Studio Solution File, Format Version 12.00
# Visual Studio Version 17
VisualStudioVersion = 17.4.33205.214
MinimumVisualStudioVersion = 10.0.40219.1
Project("{FAE04EC0-301F-11D3-BF4B-00C04F79EFBC}") = "WhatisArray2", "WhatisArray2.csproj", "{67D6F72F-6ED2-477F-99F3-0AEFB77351D5}"
EndProject
Global
	GlobalSection(SolutionConfigurationPlatforms) = preSolution
		Debug|Any CPU = Debug|Any CPU
		Release|Any CPU = Release|Any CPU
	EndGlobalSection
	GlobalSection(ProjectConfigurationPlatforms) = postSolution
		{67D6F72F-6ED2-477F-99F3-0AEFB77351D5}.Debug|Any CPU.ActiveCfg = Debug|Any CPU
		{67D6F72F-6ED2-477F-99F3-0AEFB77351D5}.Debug|Any CPU.Build.0 = Debug|Any CPU
		{67D6F72F-6ED2-477F-99F3-0AEFB77351D5}.Release|Any CPU.ActiveCfg = Release|Any CPU
		{67D6F72F-6ED2-477F-99F3-0AEFB77351D5}.Release|Any CPU.Build.0 = Release|Any CPU
	EndGlobalSection
	GlobalSection(SolutionProperties) = preSolution
		HideSolutionNode = FALSE
	EndGlobalSection
	GlobalSection(ExtensibilityGlobals) = postSolution
		SolutionGuid = {9243EF93-23F9-4DB8-A9CF-5C2B7C64A9AF}
	EndGlobalSection
EndGlobal
