
Microsoft Visual Studio Solution File, Format Version 12.00
# Visual Studio Version 17
VisualStudioVersion = 17.4.33205.214
MinimumVisualStudioVersion = 10.0.40219.1
Project("{FAE04EC0-301F-11D3-BF4B-00C04F79EFBC}") = "Draw_Thing", "Draw_Thing.csproj", "{55964D1F-59C4-44EB-8617-CCF18A9DB7E5}"
EndProject
Global
	GlobalSection(SolutionConfigurationPlatforms) = preSolution
		Debug|Any CPU = Debug|Any CPU
		Release|Any CPU = Release|Any CPU
	EndGlobalSection
	GlobalSection(ProjectConfigurationPlatforms) = postSolution
		{55964D1F-59C4-44EB-8617-CCF18A9DB7E5}.Debug|Any CPU.ActiveCfg = Debug|Any CPU
		{55964D1F-59C4-44EB-8617-CCF18A9DB7E5}.Debug|Any CPU.Build.0 = Debug|Any CPU
		{55964D1F-59C4-44EB-8617-CCF18A9DB7E5}.Release|Any CPU.ActiveCfg = Release|Any CPU
		{55964D1F-59C4-44EB-8617-CCF18A9DB7E5}.Release|Any CPU.Build.0 = Release|Any CPU
	EndGlobalSection
	GlobalSection(SolutionProperties) = preSolution
		HideSolutionNode = FALSE
	EndGlobalSection
	GlobalSection(ExtensibilityGlobals) = postSolution
		SolutionGuid = {9222D451-0874-4D7F-8DE0-CABA82FF113B}
	EndGlobalSection
EndGlobal
