
Microsoft Visual Studio Solution File, Format Version 12.00
# Visual Studio Version 17
VisualStudioVersion = 17.4.33205.214
MinimumVisualStudioVersion = 10.0.40219.1
Project("{FAE04EC0-301F-11D3-BF4B-00C04F79EFBC}") = "Life_of_adventurer", "Life_of_adventurer.csproj", "{FBB00C71-2422-4F82-8744-A7AB050EF5D3}"
EndProject
Global
	GlobalSection(SolutionConfigurationPlatforms) = preSolution
		Debug|Any CPU = Debug|Any CPU
		Release|Any CPU = Release|Any CPU
	EndGlobalSection
	GlobalSection(ProjectConfigurationPlatforms) = postSolution
		{FBB00C71-2422-4F82-8744-A7AB050EF5D3}.Debug|Any CPU.ActiveCfg = Debug|Any CPU
		{FBB00C71-2422-4F82-8744-A7AB050EF5D3}.Debug|Any CPU.Build.0 = Debug|Any CPU
		{FBB00C71-2422-4F82-8744-A7AB050EF5D3}.Release|Any CPU.ActiveCfg = Release|Any CPU
		{FBB00C71-2422-4F82-8744-A7AB050EF5D3}.Release|Any CPU.Build.0 = Release|Any CPU
	EndGlobalSection
	GlobalSection(SolutionProperties) = preSolution
		HideSolutionNode = FALSE
	EndGlobalSection
	GlobalSection(ExtensibilityGlobals) = postSolution
		SolutionGuid = {21E19994-B973-496B-981A-2C10E63C3AFA}
	EndGlobalSection
EndGlobal
